
Microsoft Visual Studio Solution File, Format Version 12.00
# Visual Studio Version 16
VisualStudioVersion = 16.0.29709.97
MinimumVisualStudioVersion = 10.0.40219.1
Project("{FAE04EC0-301F-11D3-BF4B-00C04F79EFBC}") = "AdminLTE.Web", "AdminLTE.Web\AdminLTE.Web.csproj", "{A11E7ECB-34E1-460E-B010-620995175C31}"
EndProject
Project("{FAE04EC0-301F-11D3-BF4B-00C04F79EFBC}") = "AdminLTE.VSIX", "AdminLTE.VSIX\AdminLTE.VSIX.csproj", "{F13636AE-6843-44CF-B9FE-2C3880D0D085}"
EndProject
Global
	GlobalSection(SolutionConfigurationPlatforms) = preSolution
		Debug|Any CPU = Debug|Any CPU
		Release|Any CPU = Release|Any CPU
	EndGlobalSection
	GlobalSection(ProjectConfigurationPlatforms) = postSolution
		{A11E7ECB-34E1-460E-B010-620995175C31}.Debug|Any CPU.ActiveCfg = Debug|Any CPU
		{A11E7ECB-34E1-460E-B010-620995175C31}.Debug|Any CPU.Build.0 = Debug|Any CPU
		{A11E7ECB-34E1-460E-B010-620995175C31}.Release|Any CPU.ActiveCfg = Release|Any CPU
		{A11E7ECB-34E1-460E-B010-620995175C31}.Release|Any CPU.Build.0 = Release|Any CPU
		{F13636AE-6843-44CF-B9FE-2C3880D0D085}.Debug|Any CPU.ActiveCfg = Debug|Any CPU
		{F13636AE-6843-44CF-B9FE-2C3880D0D085}.Debug|Any CPU.Build.0 = Debug|Any CPU
		{F13636AE-6843-44CF-B9FE-2C3880D0D085}.Release|Any CPU.ActiveCfg = Release|Any CPU
		{F13636AE-6843-44CF-B9FE-2C3880D0D085}.Release|Any CPU.Build.0 = Release|Any CPU
	EndGlobalSection
	GlobalSection(SolutionProperties) = preSolution
		HideSolutionNode = FALSE
	EndGlobalSection
	GlobalSection(ExtensibilityGlobals) = postSolution
		SolutionGuid = {A314FF0D-63BD-48A1-A2C0-70EA06D489FA}
	EndGlobalSection
EndGlobal
